
Microsoft Visual Studio Solution File, Format Version 12.00
# Visual Studio Version 16
VisualStudioVersion = 16.0.30011.22
MinimumVisualStudioVersion = 10.0.40219.1
Project("{FAE04EC0-301F-11D3-BF4B-00C04F79EFBC}") = "AqHaxCSGO", "AqHaxCSGO\AqHaxCSGO.csproj", "{C72F644C-03DC-4323-A253-EB1AD4E924FF}"
EndProject
Global
	GlobalSection(SolutionConfigurationPlatforms) = preSolution
		Debug|Any CPU = Debug|Any CPU
		Debug|x64 = Debug|x64
		Release|Any CPU = Release|Any CPU
		Release|x64 = Release|x64
	EndGlobalSection
	GlobalSection(ProjectConfigurationPlatforms) = postSolution
		{C72F644C-03DC-4323-A253-EB1AD4E924FF}.Debug|Any CPU.ActiveCfg = Debug|Any CPU
		{C72F644C-03DC-4323-A253-EB1AD4E924FF}.Debug|Any CPU.Build.0 = Debug|Any CPU
		{C72F644C-03DC-4323-A253-EB1AD4E924FF}.Debug|x64.ActiveCfg = Debug|x64
		{C72F644C-03DC-4323-A253-EB1AD4E924FF}.Debug|x64.Build.0 = Debug|x64
		{C72F644C-03DC-4323-A253-EB1AD4E924FF}.Release|Any CPU.ActiveCfg = Release|Any CPU
		{C72F644C-03DC-4323-A253-EB1AD4E924FF}.Release|Any CPU.Build.0 = Release|Any CPU
		{C72F644C-03DC-4323-A253-EB1AD4E924FF}.Release|x64.ActiveCfg = Release|x64
		{C72F644C-03DC-4323-A253-EB1AD4E924FF}.Release|x64.Build.0 = Release|x64
	EndGlobalSection
	GlobalSection(SolutionProperties) = preSolution
		HideSolutionNode = FALSE
	EndGlobalSection
	GlobalSection(ExtensibilityGlobals) = postSolution
		SolutionGuid = {5A1880E8-FBC7-4CD2-B1C1-857F42A4590A}
	EndGlobalSection
EndGlobal
